{
    "name": "firjs-demo",
    "version": "0.0.1",
    "lockfileVersion": 2,
    "requires": true,
    "packages": {
        "": {
            "name": "firjs-demo",
            "version": "0.0.1",
            "dependencies": {
                "@sedax90/firjs": "^0.0.4-dev"
            }
        },
        "node_modules/@sedax90/firjs": {
            "version": "0.0.4-dev",
            "resolved": "https://registry.npmjs.org/@sedax90/firjs/-/firjs-0.0.4-dev.tgz",
            "integrity": "sha512-HAtp4OzotjmuH9iBBJMT1dxcsqsFdkpLq9D6so53Hqu3YGye+D2/1T7hFT4YR9QRIFf3caOVKATLe04M6ldhdQ=="
        }
    },
    "dependencies": {
        "@sedax90/firjs": {
            "version": "0.0.4-dev",
            "resolved": "https://registry.npmjs.org/@sedax90/firjs/-/firjs-0.0.4-dev.tgz",
            "integrity": "sha512-HAtp4OzotjmuH9iBBJMT1dxcsqsFdkpLq9D6so53Hqu3YGye+D2/1T7hFT4YR9QRIFf3caOVKATLe04M6ldhdQ=="
        }
    }
}
